hash: 38a12f0defabe793a41694b6163ac80810fd54a463f3d258acb523c076f9e383
updated: 2020-03-05T13:23:13.83824529-03:00
imports:
- name: github.com/buger/jsonparser
  version: 1a29609e0929ccd5666069e2e7213c2c69fa4ac2
- name: github.com/uol/solr
  version: cf961a28a840dde7a95fc8ad3e9b3dfcea5a3b66
testImports: []
